
Microsoft Visual Studio Solution File, Format Version 12.00
# Visual Studio Version 17
VisualStudioVersion = 17.7.34221.43
MinimumVisualStudioVersion = 10.0.40219.1
Project("{FAE04EC0-301F-11D3-BF4B-00C04F79EFBC}") = "Pinger", "Pinger\Pinger.csproj", "{0CCDAAC3-64F7-45F4-85A2-A3DDA33A24EE}"
EndProject
Global
	GlobalSection(SolutionConfigurationPlatforms) = preSolution
		Debug|Any CPU = Debug|Any CPU
		Release|Any CPU = Release|Any CPU
	EndGlobalSection
	GlobalSection(ProjectConfigurationPlatforms) = postSolution
		{0CCDAAC3-64F7-45F4-85A2-A3DDA33A24EE}.Debug|Any CPU.ActiveCfg = Debug|Any CPU
		{0CCDAAC3-64F7-45F4-85A2-A3DDA33A24EE}.Debug|Any CPU.Build.0 = Debug|Any CPU
		{0CCDAAC3-64F7-45F4-85A2-A3DDA33A24EE}.Release|Any CPU.ActiveCfg = Release|Any CPU
		{0CCDAAC3-64F7-45F4-85A2-A3DDA33A24EE}.Release|Any CPU.Build.0 = Release|Any CPU
	EndGlobalSection
	GlobalSection(SolutionProperties) = preSolution
		HideSolutionNode = FALSE
	EndGlobalSection
	GlobalSection(ExtensibilityGlobals) = postSolution
		SolutionGuid = {8E6565DB-ACE0-47D6-B3EC-AA3B8237A1C9}
	EndGlobalSection
EndGlobal
